
Microsoft Visual Studio Solution File, Format Version 12.00
# Visual Studio 2012
Project("{FAE04EC0-301F-11D3-BF4B-00C04F79EFBC}") = "WpfApplication1", "WpfApplication1\WpfApplication1.csproj", "{9266D954-D080-4BB4-AB4F-DD58CB224803}"
	ProjectSection(ProjectDependencies) = postProject
		{AAFE237D-4E27-4923-9107-03896F67F5BD} = {AAFE237D-4E27-4923-9107-03896F67F5BD}
	EndProjectSection
EndProject
Project("{FAE04EC0-301F-11D3-BF4B-00C04F79EFBC}") = "UnitTests", "UnitTests\UnitTests.csproj", "{FE43A93D-D7AF-45BE-B46A-C68D3C45C0D0}"
EndProject
Project("{FAE04EC0-301F-11D3-BF4B-00C04F79EFBC}") = "AvByApi", "AvByApi\AvByApi.csproj", "{AAFE237D-4E27-4923-9107-03896F67F5BD}"
EndProject
Project("{FAE04EC0-301F-11D3-BF4B-00C04F79EFBC}") = "Domain", "Domain\Domain.csproj", "{DA3B4457-19AA-4A6C-95AC-1440250BD56C}"
EndProject
Global
	GlobalSection(SolutionConfigurationPlatforms) = preSolution
		Debug|Any CPU = Debug|Any CPU
		Release|Any CPU = Release|Any CPU
	EndGlobalSection
	GlobalSection(ProjectConfigurationPlatforms) = postSolution
		{9266D954-D080-4BB4-AB4F-DD58CB224803}.Debug|Any CPU.ActiveCfg = Debug|Any CPU
		{9266D954-D080-4BB4-AB4F-DD58CB224803}.Debug|Any CPU.Build.0 = Debug|Any CPU
		{9266D954-D080-4BB4-AB4F-DD58CB224803}.Release|Any CPU.ActiveCfg = Release|Any CPU
		{9266D954-D080-4BB4-AB4F-DD58CB224803}.Release|Any CPU.Build.0 = Release|Any CPU
		{FE43A93D-D7AF-45BE-B46A-C68D3C45C0D0}.Debug|Any CPU.ActiveCfg = Debug|Any CPU
		{FE43A93D-D7AF-45BE-B46A-C68D3C45C0D0}.Debug|Any CPU.Build.0 = Debug|Any CPU
		{FE43A93D-D7AF-45BE-B46A-C68D3C45C0D0}.Release|Any CPU.ActiveCfg = Release|Any CPU
		{FE43A93D-D7AF-45BE-B46A-C68D3C45C0D0}.Release|Any CPU.Build.0 = Release|Any CPU
		{AAFE237D-4E27-4923-9107-03896F67F5BD}.Debug|Any CPU.ActiveCfg = Debug|Any CPU
		{AAFE237D-4E27-4923-9107-03896F67F5BD}.Debug|Any CPU.Build.0 = Debug|Any CPU
		{AAFE237D-4E27-4923-9107-03896F67F5BD}.Release|Any CPU.ActiveCfg = Release|Any CPU
		{AAFE237D-4E27-4923-9107-03896F67F5BD}.Release|Any CPU.Build.0 = Release|Any CPU
		{DA3B4457-19AA-4A6C-95AC-1440250BD56C}.Debug|Any CPU.ActiveCfg = Debug|Any CPU
		{DA3B4457-19AA-4A6C-95AC-1440250BD56C}.Debug|Any CPU.Build.0 = Debug|Any CPU
		{DA3B4457-19AA-4A6C-95AC-1440250BD56C}.Release|Any CPU.ActiveCfg = Release|Any CPU
		{DA3B4457-19AA-4A6C-95AC-1440250BD56C}.Release|Any CPU.Build.0 = Release|Any CPU
	EndGlobalSection
	GlobalSection(SolutionProperties) = preSolution
		HideSolutionNode = FALSE
	EndGlobalSection
EndGlobal
